
Microsoft Visual Studio Solution File, Format Version 12.00
# Visual Studio Version 16
VisualStudioVersion = 16.0.30608.117
MinimumVisualStudioVersion = 10.0.40219.1
Project("{9A19103F-16F7-4668-BE54-9A1E7A4F7556}") = "FunctionPipes", "FunctionPipes\FunctionPipes.csproj", "{2C30F7EA-F219-40B4-B851-D987FA16564F}"
EndProject
Project("{9A19103F-16F7-4668-BE54-9A1E7A4F7556}") = "FunctionPipes.Examples", "FunctionPipes.Examples\FunctionPipes.Examples.csproj", "{3051ED99-18E7-45FC-B258-E8F56946F37E}"
EndProject
Global
	GlobalSection(SolutionConfigurationPlatforms) = preSolution
		Debug|Any CPU = Debug|Any CPU
		Release|Any CPU = Release|Any CPU
	EndGlobalSection
	GlobalSection(ProjectConfigurationPlatforms) = postSolution
		{2C30F7EA-F219-40B4-B851-D987FA16564F}.Debug|Any CPU.ActiveCfg = Debug|Any CPU
		{2C30F7EA-F219-40B4-B851-D987FA16564F}.Debug|Any CPU.Build.0 = Debug|Any CPU
		{2C30F7EA-F219-40B4-B851-D987FA16564F}.Release|Any CPU.ActiveCfg = Release|Any CPU
		{2C30F7EA-F219-40B4-B851-D987FA16564F}.Release|Any CPU.Build.0 = Release|Any CPU
		{3051ED99-18E7-45FC-B258-E8F56946F37E}.Debug|Any CPU.ActiveCfg = Debug|Any CPU
		{3051ED99-18E7-45FC-B258-E8F56946F37E}.Debug|Any CPU.Build.0 = Debug|Any CPU
		{3051ED99-18E7-45FC-B258-E8F56946F37E}.Release|Any CPU.ActiveCfg = Release|Any CPU
		{3051ED99-18E7-45FC-B258-E8F56946F37E}.Release|Any CPU.Build.0 = Release|Any CPU
	EndGlobalSection
	GlobalSection(SolutionProperties) = preSolution
		HideSolutionNode = FALSE
	EndGlobalSection
	GlobalSection(ExtensibilityGlobals) = postSolution
		SolutionGuid = {B33E665F-4A66-452B-9D26-A13C99685AE1}
	EndGlobalSection
EndGlobal
